
Microsoft Visual Studio Solution File, Format Version 12.00
# Visual Studio Version 16
VisualStudioVersion = 16.0.31025.194
MinimumVisualStudioVersion = 10.0.40219.1
Project("{9A19103F-16F7-4668-BE54-9A1E7A4F7556}") = "UICarDealer", "MVC_IDENTITY_EXAMPLE(UI)\UICarDealer.csproj", "{288AED3A-0157-4760-B2A0-6FDC010EC13B}"
EndProject
Project("{9A19103F-16F7-4668-BE54-9A1E7A4F7556}") = "BLL", "BLL\BLL.csproj", "{4DCC1EEB-EF6C-4E73-9FCA-4CBF55CDB415}"
EndProject
Project("{9A19103F-16F7-4668-BE54-9A1E7A4F7556}") = "Core", "Core\Core.csproj", "{BC5B2312-7A2B-49E6-BAA5-CB6A9861391D}"
EndProject
Project("{9A19103F-16F7-4668-BE54-9A1E7A4F7556}") = "Domain", "Domain\Domain.csproj", "{B3930FF0-7587-4DF5-847F-75F3D197A4C8}"
EndProject
Global
	GlobalSection(SolutionConfigurationPlatforms) = preSolution
		Debug|Any CPU = Debug|Any CPU
		Release|Any CPU = Release|Any CPU
	EndGlobalSection
	GlobalSection(ProjectConfigurationPlatforms) = postSolution
		{288AED3A-0157-4760-B2A0-6FDC010EC13B}.Debug|Any CPU.ActiveCfg = Debug|Any CPU
		{288AED3A-0157-4760-B2A0-6FDC010EC13B}.Debug|Any CPU.Build.0 = Debug|Any CPU
		{288AED3A-0157-4760-B2A0-6FDC010EC13B}.Release|Any CPU.ActiveCfg = Release|Any CPU
		{288AED3A-0157-4760-B2A0-6FDC010EC13B}.Release|Any CPU.Build.0 = Release|Any CPU
		{4DCC1EEB-EF6C-4E73-9FCA-4CBF55CDB415}.Debug|Any CPU.ActiveCfg = Debug|Any CPU
		{4DCC1EEB-EF6C-4E73-9FCA-4CBF55CDB415}.Debug|Any CPU.Build.0 = Debug|Any CPU
		{4DCC1EEB-EF6C-4E73-9FCA-4CBF55CDB415}.Release|Any CPU.ActiveCfg = Release|Any CPU
		{4DCC1EEB-EF6C-4E73-9FCA-4CBF55CDB415}.Release|Any CPU.Build.0 = Release|Any CPU
		{BC5B2312-7A2B-49E6-BAA5-CB6A9861391D}.Debug|Any CPU.ActiveCfg = Debug|Any CPU
		{BC5B2312-7A2B-49E6-BAA5-CB6A9861391D}.Debug|Any CPU.Build.0 = Debug|Any CPU
		{BC5B2312-7A2B-49E6-BAA5-CB6A9861391D}.Release|Any CPU.ActiveCfg = Release|Any CPU
		{BC5B2312-7A2B-49E6-BAA5-CB6A9861391D}.Release|Any CPU.Build.0 = Release|Any CPU
		{B3930FF0-7587-4DF5-847F-75F3D197A4C8}.Debug|Any CPU.ActiveCfg = Debug|Any CPU
		{B3930FF0-7587-4DF5-847F-75F3D197A4C8}.Debug|Any CPU.Build.0 = Debug|Any CPU
		{B3930FF0-7587-4DF5-847F-75F3D197A4C8}.Release|Any CPU.ActiveCfg = Release|Any CPU
		{B3930FF0-7587-4DF5-847F-75F3D197A4C8}.Release|Any CPU.Build.0 = Release|Any CPU
	EndGlobalSection
	GlobalSection(SolutionProperties) = preSolution
		HideSolutionNode = FALSE
	EndGlobalSection
	GlobalSection(ExtensibilityGlobals) = postSolution
		SolutionGuid = {C6E9501F-B5A4-4D14-A06E-D922B02561F5}
	EndGlobalSection
EndGlobal
